
Microsoft Visual Studio Solution File, Format Version 12.00
# Visual Studio 14
VisualStudioVersion = 14.0.25420.1
MinimumVisualStudioVersion = 10.0.40219.1
Project("{FAE04EC0-301F-11D3-BF4B-00C04F79EFBC}") = "28.08.2016 - Url Parts Parser", "28.08.2016 - Url Parts Parser\28.08.2016 - Url Parts Parser.csproj", "{C118D9D8-8EC2-4F7B-A447-B3CCE6FED8CA}"
EndProject
Project("{FAE04EC0-301F-11D3-BF4B-00C04F79EFBC}") = "UrlPartsParserTests", "UrlPartsParserTests\UrlPartsParserTests.csproj", "{7C160B16-097E-4687-B616-BE416F779AC0}"
EndProject
Global
	GlobalSection(SolutionConfigurationPlatforms) = preSolution
		Debug|Any CPU = Debug|Any CPU
		Release|Any CPU = Release|Any CPU
	EndGlobalSection
	GlobalSection(ProjectConfigurationPlatforms) = postSolution
		{C118D9D8-8EC2-4F7B-A447-B3CCE6FED8CA}.Debug|Any CPU.ActiveCfg = Debug|Any CPU
		{C118D9D8-8EC2-4F7B-A447-B3CCE6FED8CA}.Debug|Any CPU.Build.0 = Debug|Any CPU
		{C118D9D8-8EC2-4F7B-A447-B3CCE6FED8CA}.Release|Any CPU.ActiveCfg = Release|Any CPU
		{C118D9D8-8EC2-4F7B-A447-B3CCE6FED8CA}.Release|Any CPU.Build.0 = Release|Any CPU
		{7C160B16-097E-4687-B616-BE416F779AC0}.Debug|Any CPU.ActiveCfg = Debug|Any CPU
		{7C160B16-097E-4687-B616-BE416F779AC0}.Debug|Any CPU.Build.0 = Debug|Any CPU
		{7C160B16-097E-4687-B616-BE416F779AC0}.Release|Any CPU.ActiveCfg = Release|Any CPU
		{7C160B16-097E-4687-B616-BE416F779AC0}.Release|Any CPU.Build.0 = Release|Any CPU
	EndGlobalSection
	GlobalSection(SolutionProperties) = preSolution
		HideSolutionNode = FALSE
	EndGlobalSection
EndGlobal
